// !$*UTF8*$!
{
	archiveVersion = 1;
	classes = {
	};
	objectVersion = 77;
	objects = {

/* Begin PBXBuildFile section */
		0D8EADE531DACCC9A8FF6E36 /* ModerationSettingsView.swift in Sources */ = {isa = PBXBuildFile; fileRef = B902B26459E7523CE1BFEC5E /* ModerationSettingsView.swift */; };
		15B0CF068B12A4E6FA4D407E /* V2EX.icon in Resources */ = {isa = PBXBuildFile; fileRef = 25EE905BC783A14059F53387 /* V2EX.icon */; };
		1F78C3DC3E570CB4FB4DEB28 /* HTMLContent.swift in Sources */ = {isa = PBXBuildFile; fileRef = B81F6BD7C210C928142B5902 /* HTMLContent.swift */; };
		2A769EB31609EB038AEA5869 /* HNTranslator.swift in Sources */ = {isa = PBXBuildFile; fileRef = 9ED5C587415F7069DC20EA06 /* HNTranslator.swift */; };
		2C7639CB4688CFFDD8FE95EB /* SpotlightIndexer.swift in Sources */ = {isa = PBXBuildFile; fileRef = 013392DC75CD088995B1030B /* SpotlightIndexer.swift */; };
		2EA907F51E2A5D358921547A /* AutoOfflineCoordinator.swift in Sources */ = {isa = PBXBuildFile; fileRef = 01504C8158B37F075D03E76E /* AutoOfflineCoordinator.swift */; };
		2F7AB88F798155E4ACE6E676 /* TopicAISummary.swift in Sources */ = {isa = PBXBuildFile; fileRef = A956C7B8A60FAB06CD6D4FB2 /* TopicAISummary.swift */; };
		355D84D49DE8FA4465BB2F82 /* SettingsView.swift in Sources */ = {isa = PBXBuildFile; fileRef = 952ED920E11A6B7AB4548070 /* SettingsView.swift */; };
		3F10E077948FD545934D8D7B /* TopicDetailView.swift in Sources */ = {isa = PBXBuildFile; fileRef = F0176AD9191E201E0966293F /* TopicDetailView.swift */; };
		42AA76F6B666458C22812976 /* ReportService.swift in Sources */ = {isa = PBXBuildFile; fileRef = 96970CB7A30EC1695CC33A48 /* ReportService.swift */; };
		42D185B6AC0B74016C15538C /* NodeDetailView.swift in Sources */ = {isa = PBXBuildFile; fileRef = CDF9307A791D671411570C33 /* NodeDetailView.swift */; };
		444DAAAF90B56BE7ACE50713 /* V2EXClient.swift in Sources */ = {isa = PBXBuildFile; fileRef = 1BCBFD2B30842891D7861534 /* V2EXClient.swift */; };
		479550EACE8D45FC7C5028FC /* AISummaryClient.swift in Sources */ = {isa = PBXBuildFile; fileRef = FEB41278F2A7A209EAC2FFBE /* AISummaryClient.swift */; };
		4DB19D29B806A9D94FA56B50 /* ModerationStore.swift in Sources */ = {isa = PBXBuildFile; fileRef = 051CAF813316DB59268DCFC8 /* ModerationStore.swift */; };
		50594CE11A04C285C941FF4D /* SearchView.swift in Sources */ = {isa = PBXBuildFile; fileRef = 7255A80FE4D3560F9CB74CBF /* SearchView.swift */; };
		5447B22BCE55A820900A5A96 /* V2EXSessionStore.swift in Sources */ = {isa = PBXBuildFile; fileRef = C62736A419F41C9077510ABD /* V2EXSessionStore.swift */; };
		562341D7DD1656B767151F74 /* TopicShareCard.swift in Sources */ = {isa = PBXBuildFile; fileRef = 7A91C51A947A09C9DAC3F3AE /* TopicShareCard.swift */; };
		5848759E308D0BAB3BDA603B /* Agreement.swift in Sources */ = {isa = PBXBuildFile; fileRef = 4E8435CD92E8A640BCD7A2D7 /* Agreement.swift */; };
		5D27181AC281C7F09FFB3AD7 /* Theme.swift in Sources */ = {isa = PBXBuildFile; fileRef = 621BA7F6293FA434C5F42BF2 /* Theme.swift */; };
		5D561C729264DDF1FB17BEB4 /* HNTranslationCache.swift in Sources */ = {isa = PBXBuildFile; fileRef = 8F96F5B8B7B39B4037AC549F /* HNTranslationCache.swift */; };
		65C315A7FAC19E187BE700FA /* HNDetailView.swift in Sources */ = {isa = PBXBuildFile; fileRef = 816AD882308D6AD186686D63 /* HNDetailView.swift */; };
		6E4B75BF704A638F78BD463F /* V2EXLoginView.swift in Sources */ = {isa = PBXBuildFile; fileRef = DE43160F1E2E5D55DFDD961B /* V2EXLoginView.swift */; };
		72A8756B74DD7790ED203CDA /* RootView.swift in Sources */ = {isa = PBXBuildFile; fileRef = F278302FA3BE29B5FA2D3B3C /* RootView.swift */; };
		73F41614E0F527F26094F33C /* PullToRefresh.swift in Sources */ = {isa = PBXBuildFile; fileRef = A0236282A44BC5E3BA8047F6 /* PullToRefresh.swift */; };
		7DAEA8F94E179BDC8B45EF63 /* ReportSheet.swift in Sources */ = {isa = PBXBuildFile; fileRef = F27104BFFC8CA03D9100CED8 /* ReportSheet.swift */; };
		8287A655678BAA296EE59879 /* ComposeView.swift in Sources */ = {isa = PBXBuildFile; fileRef = CDB8EEE6F354D43ED07700B4 /* ComposeView.swift */; };
		8D43F21B66B47C35E721122F /* PrivacyInfo.xcprivacy in Resources */ = {isa = PBXBuildFile; fileRef = 735FD53A186D2CCD53CEA15F /* PrivacyInfo.xcprivacy */; };
		8DD71F87AB9EE7B4CD1633EF /* HNLinkify.swift in Sources */ = {isa = PBXBuildFile; fileRef = 4C4F2E91D3CD376AF8CCC980 /* HNLinkify.swift */; };
		8DFB576582F20157CFB0D06A /* AppUpdate.swift in Sources */ = {isa = PBXBuildFile; fileRef = E3562BB27938B3FC9A48CFD9 /* AppUpdate.swift */; };
		907D5E628F6921BF79F37F19 /* AppearanceSettingsView.swift in Sources */ = {isa = PBXBuildFile; fileRef = 9454B94E936AE000AC35AEB1 /* AppearanceSettingsView.swift */; };
		914C3E6D357BDD345B1881F1 /* ProfileView.swift in Sources */ = {isa = PBXBuildFile; fileRef = 721417EDECED8AD9EB0593B9 /* ProfileView.swift */; };
		956D703BF0A8AE874156964E /* Components.swift in Sources */ = {isa = PBXBuildFile; fileRef = 50B21E0D3A7CFBEE8C6B7BAC /* Components.swift */; };
		98FA67B2046C4A5E714DBCE9 /* Assets.xcassets in Resources */ = {isa = PBXBuildFile; fileRef = 1F88CCAC289B75CC5650EB33 /* Assets.xcassets */; };
		9DCD12E6658B8BD7BED27585 /* NodeCatalog.swift in Sources */ = {isa = PBXBuildFile; fileRef = CE83FEFC96FFE2B53972D0CA /* NodeCatalog.swift */; };
		A61F229B508D36025A4FAA79 /* ReadingSettingsView.swift in Sources */ = {isa = PBXBuildFile; fileRef = 33525BBBEC560134B5B0A656 /* ReadingSettingsView.swift */; };
		AA82A2ABA2280EE18F23C7C9 /* HomeView.swift in Sources */ = {isa = PBXBuildFile; fileRef = 6D3D18A35A705E7C96685502 /* HomeView.swift */; };
		B5741F8585995FAD7A5644EF /* AIConfigurationStore.swift in Sources */ = {isa = PBXBuildFile; fileRef = 8495078C84D6A758F900CA12 /* AIConfigurationStore.swift */; };
		B853F2282EDDB3C31B184BE6 /* WebLoginView.swift in Sources */ = {isa = PBXBuildFile; fileRef = 599F3445401BCF070618A7AD /* WebLoginView.swift */; };
		BF282EF7599568F5946D286E /* Stores.swift in Sources */ = {isa = PBXBuildFile; fileRef = 47C86804E76925BACA4F4F28 /* Stores.swift */; };
		C18EAE8CEFEE38E38CC3B246 /* HackerNewsView.swift in Sources */ = {isa = PBXBuildFile; fileRef = A19B3E5D05AE1C79D2048435 /* HackerNewsView.swift */; };
		CC19FE500CF1C1A1BAA2F23D /* Models.swift in Sources */ = {isa = PBXBuildFile; fileRef = D0E880B91771525AA6EC6C96 /* Models.swift */; };
		D05BE0081792146B09364963 /* TopicViews.swift in Sources */ = {isa = PBXBuildFile; fileRef = DEFC5A0489A2A4FC9463497B /* TopicViews.swift */; };
		D46372D9C30049B54BB4352C /* HNClient.swift in Sources */ = {isa = PBXBuildFile; fileRef = 6120DC3EBE41BB4D50B917F7 /* HNClient.swift */; };
		D908B48A4BF7276496007F6F /* NotificationsView.swift in Sources */ = {isa = PBXBuildFile; fileRef = 87AF26D4D20B392C500B6CB1 /* NotificationsView.swift */; };
		E15A101C5AB370F0B427E217 /* NodesView.swift in Sources */ = {isa = PBXBuildFile; fileRef = 7D4F99BD91F20BA14DD3F15E /* NodesView.swift */; };
		E48BD3267CA53AE32AEFA8B0 /* AppSettings.swift in Sources */ = {isa = PBXBuildFile; fileRef = 5A431F0C4F1474F22EA17AC2 /* AppSettings.swift */; };
		E5AA82A842CB885D0483C143 /* TopicDetailViewModel.swift in Sources */ = {isa = PBXBuildFile; fileRef = AC65D82D3FC563D57CA23922 /* TopicDetailViewModel.swift */; };
		F8613111C964B3A9D6E184E4 /* SubViews.swift in Sources */ = {isa = PBXBuildFile; fileRef = 34A54260B991107B0AFF2A4B /* SubViews.swift */; };
		FDC5E40AF458CCC4720BAB98 /* V2EXApp.swift in Sources */ = {isa = PBXBuildFile; fileRef = DA3B88446DB6DC7D247043AD /* V2EXApp.swift */; };
		FE7A72B6C33CB0AAFE0CE69C /* V2EXAppIntents.swift in Sources */ = {isa = PBXBuildFile; fileRef = 173FB5127F8DB08F45964F79 /* V2EXAppIntents.swift */; };
/* End PBXBuildFile section */

/* Begin PBXFileReference section */
		013392DC75CD088995B1030B /* SpotlightIndexer.swift */ = {isa = PBXFileReference; lastKnownFileType = sourcecode.swift; path = SpotlightIndexer.swift; sourceTree = "<group>"; };
		01504C8158B37F075D03E76E /* AutoOfflineCoordinator.swift */ = {isa = PBXFileReference; lastKnownFileType = sourcecode.swift; path = AutoOfflineCoordinator.swift; sourceTree = "<group>"; };
		051CAF813316DB59268DCFC8 /* ModerationStore.swift */ = {isa = PBXFileReference; lastKnownFileType = sourcecode.swift; path = ModerationStore.swift; sourceTree = "<group>"; };
		173FB5127F8DB08F45964F79 /* V2EXAppIntents.swift */ = {isa = PBXFileReference; lastKnownFileType = sourcecode.swift; path = V2EXAppIntents.swift; sourceTree = "<group>"; };
		1BCBFD2B30842891D7861534 /* V2EXClient.swift */ = {isa = PBXFileReference; lastKnownFileType = sourcecode.swift; path = V2EXClient.swift; sourceTree = "<group>"; };
		1F88CCAC289B75CC5650EB33 /* Assets.xcassets */ = {isa = PBXFileReference; lastKnownFileType = folder.assetcatalog; path = Assets.xcassets; sourceTree = "<group>"; };
		25EE905BC783A14059F53387 /* V2EX.icon */ = {isa = PBXFileReference; lastKnownFileType = wrapper.icon; path = V2EX.icon; sourceTree = "<group>"; };
		33525BBBEC560134B5B0A656 /* ReadingSettingsView.swift */ = {isa = PBXFileReference; lastKnownFileType = sourcecode.swift; path = ReadingSettingsView.swift; sourceTree = "<group>"; };
		34A54260B991107B0AFF2A4B /* SubViews.swift */ = {isa = PBXFileReference; lastKnownFileType = sourcecode.swift; path = SubViews.swift; sourceTree = "<group>"; };
		47C86804E76925BACA4F4F28 /* Stores.swift */ = {isa = PBXFileReference; lastKnownFileType = sourcecode.swift; path = Stores.swift; sourceTree = "<group>"; };
		4C4F2E91D3CD376AF8CCC980 /* HNLinkify.swift */ = {isa = PBXFileReference; lastKnownFileType = sourcecode.swift; path = HNLinkify.swift; sourceTree = "<group>"; };
		4E8435CD92E8A640BCD7A2D7 /* Agreement.swift */ = {isa = PBXFileReference; lastKnownFileType = sourcecode.swift; path = Agreement.swift; sourceTree = "<group>"; };
		50B21E0D3A7CFBEE8C6B7BAC /* Components.swift */ = {isa = PBXFileReference; lastKnownFileType = sourcecode.swift; path = Components.swift; sourceTree = "<group>"; };
		599F3445401BCF070618A7AD /* WebLoginView.swift */ = {isa = PBXFileReference; lastKnownFileType = sourcecode.swift; path = WebLoginView.swift; sourceTree = "<group>"; };
		5A431F0C4F1474F22EA17AC2 /* AppSettings.swift */ = {isa = PBXFileReference; lastKnownFileType = sourcecode.swift; path = AppSettings.swift; sourceTree = "<group>"; };
		6120DC3EBE41BB4D50B917F7 /* HNClient.swift */ = {isa = PBXFileReference; lastKnownFileType = sourcecode.swift; path = HNClient.swift; sourceTree = "<group>"; };
		621BA7F6293FA434C5F42BF2 /* Theme.swift */ = {isa = PBXFileReference; lastKnownFileType = sourcecode.swift; path = Theme.swift; sourceTree = "<group>"; };
		6D3D18A35A705E7C96685502 /* HomeView.swift */ = {isa = PBXFileReference; lastKnownFileType = sourcecode.swift; path = HomeView.swift; sourceTree = "<group>"; };
		721417EDECED8AD9EB0593B9 /* ProfileView.swift */ = {isa = PBXFileReference; lastKnownFileType = sourcecode.swift; path = ProfileView.swift; sourceTree = "<group>"; };
		7255A80FE4D3560F9CB74CBF /* SearchView.swift */ = {isa = PBXFileReference; lastKnownFileType = sourcecode.swift; path = SearchView.swift; sourceTree = "<group>"; };
		735FD53A186D2CCD53CEA15F /* PrivacyInfo.xcprivacy */ = {isa = PBXFileReference; path = PrivacyInfo.xcprivacy; sourceTree = "<group>"; };
		7A91C51A947A09C9DAC3F3AE /* TopicShareCard.swift */ = {isa = PBXFileReference; lastKnownFileType = sourcecode.swift; path = TopicShareCard.swift; sourceTree = "<group>"; };
		7D4F99BD91F20BA14DD3F15E /* NodesView.swift */ = {isa = PBXFileReference; lastKnownFileType = sourcecode.swift; path = NodesView.swift; sourceTree = "<group>"; };
		816AD882308D6AD186686D63 /* HNDetailView.swift */ = {isa = PBXFileReference; lastKnownFileType = sourcecode.swift; path = HNDetailView.swift; sourceTree = "<group>"; };
		8495078C84D6A758F900CA12 /* AIConfigurationStore.swift */ = {isa = PBXFileReference; lastKnownFileType = sourcecode.swift; path = AIConfigurationStore.swift; sourceTree = "<group>"; };
		87AF26D4D20B392C500B6CB1 /* NotificationsView.swift */ = {isa = PBXFileReference; lastKnownFileType = sourcecode.swift; path = NotificationsView.swift; sourceTree = "<group>"; };
		8F96F5B8B7B39B4037AC549F /* HNTranslationCache.swift */ = {isa = PBXFileReference; lastKnownFileType = sourcecode.swift; path = HNTranslationCache.swift; sourceTree = "<group>"; };
		9454B94E936AE000AC35AEB1 /* AppearanceSettingsView.swift */ = {isa = PBXFileReference; lastKnownFileType = sourcecode.swift; path = AppearanceSettingsView.swift; sourceTree = "<group>"; };
		952ED920E11A6B7AB4548070 /* SettingsView.swift */ = {isa = PBXFileReference; lastKnownFileType = sourcecode.swift; path = SettingsView.swift; sourceTree = "<group>"; };
		96970CB7A30EC1695CC33A48 /* ReportService.swift */ = {isa = PBXFileReference; lastKnownFileType = sourcecode.swift; path = ReportService.swift; sourceTree = "<group>"; };
		9ED5C587415F7069DC20EA06 /* HNTranslator.swift */ = {isa = PBXFileReference; lastKnownFileType = sourcecode.swift; path = HNTranslator.swift; sourceTree = "<group>"; };
		A0236282A44BC5E3BA8047F6 /* PullToRefresh.swift */ = {isa = PBXFileReference; lastKnownFileType = sourcecode.swift; path = PullToRefresh.swift; sourceTree = "<group>"; };
		A19B3E5D05AE1C79D2048435 /* HackerNewsView.swift */ = {isa = PBXFileReference; lastKnownFileType = sourcecode.swift; path = HackerNewsView.swift; sourceTree = "<group>"; };
		A956C7B8A60FAB06CD6D4FB2 /* TopicAISummary.swift */ = {isa = PBXFileReference; lastKnownFileType = sourcecode.swift; path = TopicAISummary.swift; sourceTree = "<group>"; };
		AA163B321D247F9F88706930 /* Info.plist */ = {isa = PBXFileReference; lastKnownFileType = text.plist; path = Info.plist; sourceTree = "<group>"; };
		AC65D82D3FC563D57CA23922 /* TopicDetailViewModel.swift */ = {isa = PBXFileReference; lastKnownFileType = sourcecode.swift; path = TopicDetailViewModel.swift; sourceTree = "<group>"; };
		B81F6BD7C210C928142B5902 /* HTMLContent.swift */ = {isa = PBXFileReference; lastKnownFileType = sourcecode.swift; path = HTMLContent.swift; sourceTree = "<group>"; };
		B902B26459E7523CE1BFEC5E /* ModerationSettingsView.swift */ = {isa = PBXFileReference; lastKnownFileType = sourcecode.swift; path = ModerationSettingsView.swift; sourceTree = "<group>"; };
		C62736A419F41C9077510ABD /* V2EXSessionStore.swift */ = {isa = PBXFileReference; lastKnownFileType = sourcecode.swift; path = V2EXSessionStore.swift; sourceTree = "<group>"; };
		CDB8EEE6F354D43ED07700B4 /* ComposeView.swift */ = {isa = PBXFileReference; lastKnownFileType = sourcecode.swift; path = ComposeView.swift; sourceTree = "<group>"; };
		CDF9307A791D671411570C33 /* NodeDetailView.swift */ = {isa = PBXFileReference; lastKnownFileType = sourcecode.swift; path = NodeDetailView.swift; sourceTree = "<group>"; };
		CE83FEFC96FFE2B53972D0CA /* NodeCatalog.swift */ = {isa = PBXFileReference; lastKnownFileType = sourcecode.swift; path = NodeCatalog.swift; sourceTree = "<group>"; };
		D0E880B91771525AA6EC6C96 /* Models.swift */ = {isa = PBXFileReference; lastKnownFileType = sourcecode.swift; path = Models.swift; sourceTree = "<group>"; };
		DA3B88446DB6DC7D247043AD /* V2EXApp.swift */ = {isa = PBXFileReference; lastKnownFileType = sourcecode.swift; path = V2EXApp.swift; sourceTree = "<group>"; };
		DE43160F1E2E5D55DFDD961B /* V2EXLoginView.swift */ = {isa = PBXFileReference; lastKnownFileType = sourcecode.swift; path = V2EXLoginView.swift; sourceTree = "<group>"; };
		DEFC5A0489A2A4FC9463497B /* TopicViews.swift */ = {isa = PBXFileReference; lastKnownFileType = sourcecode.swift; path = TopicViews.swift; sourceTree = "<group>"; };
		E3562BB27938B3FC9A48CFD9 /* AppUpdate.swift */ = {isa = PBXFileReference; lastKnownFileType = sourcecode.swift; path = AppUpdate.swift; sourceTree = "<group>"; };
		F0176AD9191E201E0966293F /* TopicDetailView.swift */ = {isa = PBXFileReference; lastKnownFileType = sourcecode.swift; path = TopicDetailView.swift; sourceTree = "<group>"; };
		F27104BFFC8CA03D9100CED8 /* ReportSheet.swift */ = {isa = PBXFileReference; lastKnownFileType = sourcecode.swift; path = ReportSheet.swift; sourceTree = "<group>"; };
		F278302FA3BE29B5FA2D3B3C /* RootView.swift */ = {isa = PBXFileReference; lastKnownFileType = sourcecode.swift; path = RootView.swift; sourceTree = "<group>"; };
		F281243AAC2B79B5C6223510 /* V2EX.app */ = {isa = PBXFileReference; includeInIndex = 0; lastKnownFileType = wrapper.application; path = V2EX.app; sourceTree = BUILT_PRODUCTS_DIR; };
		FEB41278F2A7A209EAC2FFBE /* AISummaryClient.swift */ = {isa = PBXFileReference; lastKnownFileType = sourcecode.swift; path = AISummaryClient.swift; sourceTree = "<group>"; };
/* End PBXFileReference section */

/* Begin PBXGroup section */
		2104C64C9D4CD9A5B4F7953C /* Networking */ = {
			isa = PBXGroup;
			children = (
				FEB41278F2A7A209EAC2FFBE /* AISummaryClient.swift */,
				B81F6BD7C210C928142B5902 /* HTMLContent.swift */,
				1BCBFD2B30842891D7861534 /* V2EXClient.swift */,
			);
			path = Networking;
			sourceTree = "<group>";
		};
		24B6794A1325BE195FD88E6C /* Search */ = {
			isa = PBXGroup;
			children = (
				7255A80FE4D3560F9CB74CBF /* SearchView.swift */,
			);
			path = Search;
			sourceTree = "<group>";
		};
		4C5D1670A258D46C9DFF78FA /* Profile */ = {
			isa = PBXGroup;
			children = (
				721417EDECED8AD9EB0593B9 /* ProfileView.swift */,
				34A54260B991107B0AFF2A4B /* SubViews.swift */,
			);
			path = Profile;
			sourceTree = "<group>";
		};
		4EF309B4D69078DDD4931B14 /* Home */ = {
			isa = PBXGroup;
			children = (
				6D3D18A35A705E7C96685502 /* HomeView.swift */,
			);
			path = Home;
			sourceTree = "<group>";
		};
		51E2F85F78B202BEBD6A0201 /* Settings */ = {
			isa = PBXGroup;
			children = (
				9454B94E936AE000AC35AEB1 /* AppearanceSettingsView.swift */,
				33525BBBEC560134B5B0A656 /* ReadingSettingsView.swift */,
				952ED920E11A6B7AB4548070 /* SettingsView.swift */,
				DE43160F1E2E5D55DFDD961B /* V2EXLoginView.swift */,
				599F3445401BCF070618A7AD /* WebLoginView.swift */,
			);
			path = Settings;
			sourceTree = "<group>";
		};
		6A6F9F0AE832036534D0D38B /* Nodes */ = {
			isa = PBXGroup;
			children = (
				CE83FEFC96FFE2B53972D0CA /* NodeCatalog.swift */,
				CDF9307A791D671411570C33 /* NodeDetailView.swift */,
				7D4F99BD91F20BA14DD3F15E /* NodesView.swift */,
			);
			path = Nodes;
			sourceTree = "<group>";
		};
		6C563CC8C69471274F7E783D /* DesignSystem */ = {
			isa = PBXGroup;
			children = (
				50B21E0D3A7CFBEE8C6B7BAC /* Components.swift */,
				A0236282A44BC5E3BA8047F6 /* PullToRefresh.swift */,
				621BA7F6293FA434C5F42BF2 /* Theme.swift */,
				DEFC5A0489A2A4FC9463497B /* TopicViews.swift */,
			);
			path = DesignSystem;
			sourceTree = "<group>";
		};
		6E62437875A4050D3EA9066D /* Features */ = {
			isa = PBXGroup;
			children = (
				AA78017F13ABFA10C6E46075 /* Compose */,
				986FFA80C974234E39E54A8A /* HackerNews */,
				4EF309B4D69078DDD4931B14 /* Home */,
				EB996136FB8BEC673C96B6A2 /* Moderation */,
				6A6F9F0AE832036534D0D38B /* Nodes */,
				EF433C93C70170CF1F498CD7 /* Notifications */,
				4C5D1670A258D46C9DFF78FA /* Profile */,
				24B6794A1325BE195FD88E6C /* Search */,
				51E2F85F78B202BEBD6A0201 /* Settings */,
				D7F1645C53FDA9BDC743A39A /* Topic */,
			);
			path = Features;
			sourceTree = "<group>";
		};
		986FFA80C974234E39E54A8A /* HackerNews */ = {
			isa = PBXGroup;
			children = (
				A19B3E5D05AE1C79D2048435 /* HackerNewsView.swift */,
				6120DC3EBE41BB4D50B917F7 /* HNClient.swift */,
				816AD882308D6AD186686D63 /* HNDetailView.swift */,
				4C4F2E91D3CD376AF8CCC980 /* HNLinkify.swift */,
				8F96F5B8B7B39B4037AC549F /* HNTranslationCache.swift */,
				9ED5C587415F7069DC20EA06 /* HNTranslator.swift */,
			);
			path = HackerNews;
			sourceTree = "<group>";
		};
		AA78017F13ABFA10C6E46075 /* Compose */ = {
			isa = PBXGroup;
			children = (
				CDB8EEE6F354D43ED07700B4 /* ComposeView.swift */,
			);
			path = Compose;
			sourceTree = "<group>";
		};
		B9384A5B3976F20C90917DE8 = {
			isa = PBXGroup;
			children = (
				C73377C6094F9E541958CEA5 /* V2EX */,
				CC3AD1D6DC7D10F70901C772 /* Products */,
			);
			sourceTree = "<group>";
		};
		C73377C6094F9E541958CEA5 /* V2EX */ = {
			isa = PBXGroup;
			children = (
				1F88CCAC289B75CC5650EB33 /* Assets.xcassets */,
				AA163B321D247F9F88706930 /* Info.plist */,
				735FD53A186D2CCD53CEA15F /* PrivacyInfo.xcprivacy */,
				25EE905BC783A14059F53387 /* V2EX.icon */,
				D894CB743A45614B56A205DA /* App */,
				6C563CC8C69471274F7E783D /* DesignSystem */,
				6E62437875A4050D3EA9066D /* Features */,
				FE077714BF8ABE68D7F3375D /* Models */,
				2104C64C9D4CD9A5B4F7953C /* Networking */,
				ED9EE9922D3B817517BBCA76 /* Storage */,
			);
			path = V2EX;
			sourceTree = "<group>";
		};
		CC3AD1D6DC7D10F70901C772 /* Products */ = {
			isa = PBXGroup;
			children = (
				F281243AAC2B79B5C6223510 /* V2EX.app */,
			);
			name = Products;
			sourceTree = "<group>";
		};
		D7F1645C53FDA9BDC743A39A /* Topic */ = {
			isa = PBXGroup;
			children = (
				A956C7B8A60FAB06CD6D4FB2 /* TopicAISummary.swift */,
				F0176AD9191E201E0966293F /* TopicDetailView.swift */,
				AC65D82D3FC563D57CA23922 /* TopicDetailViewModel.swift */,
				7A91C51A947A09C9DAC3F3AE /* TopicShareCard.swift */,
			);
			path = Topic;
			sourceTree = "<group>";
		};
		D894CB743A45614B56A205DA /* App */ = {
			isa = PBXGroup;
			children = (
				E3562BB27938B3FC9A48CFD9 /* AppUpdate.swift */,
				F278302FA3BE29B5FA2D3B3C /* RootView.swift */,
				013392DC75CD088995B1030B /* SpotlightIndexer.swift */,
				DA3B88446DB6DC7D247043AD /* V2EXApp.swift */,
				173FB5127F8DB08F45964F79 /* V2EXAppIntents.swift */,
			);
			path = App;
			sourceTree = "<group>";
		};
		EB996136FB8BEC673C96B6A2 /* Moderation */ = {
			isa = PBXGroup;
			children = (
				4E8435CD92E8A640BCD7A2D7 /* Agreement.swift */,
				B902B26459E7523CE1BFEC5E /* ModerationSettingsView.swift */,
				051CAF813316DB59268DCFC8 /* ModerationStore.swift */,
				96970CB7A30EC1695CC33A48 /* ReportService.swift */,
				F27104BFFC8CA03D9100CED8 /* ReportSheet.swift */,
			);
			path = Moderation;
			sourceTree = "<group>";
		};
		ED9EE9922D3B817517BBCA76 /* Storage */ = {
			isa = PBXGroup;
			children = (
				8495078C84D6A758F900CA12 /* AIConfigurationStore.swift */,
				5A431F0C4F1474F22EA17AC2 /* AppSettings.swift */,
				01504C8158B37F075D03E76E /* AutoOfflineCoordinator.swift */,
				47C86804E76925BACA4F4F28 /* Stores.swift */,
				C62736A419F41C9077510ABD /* V2EXSessionStore.swift */,
			);
			path = Storage;
			sourceTree = "<group>";
		};
		EF433C93C70170CF1F498CD7 /* Notifications */ = {
			isa = PBXGroup;
			children = (
				87AF26D4D20B392C500B6CB1 /* NotificationsView.swift */,
			);
			path = Notifications;
			sourceTree = "<group>";
		};
		FE077714BF8ABE68D7F3375D /* Models */ = {
			isa = PBXGroup;
			children = (
				D0E880B91771525AA6EC6C96 /* Models.swift */,
			);
			path = Models;
			sourceTree = "<group>";
		};
/* End PBXGroup section */

/* Begin PBXNativeTarget section */
		737E4BB7B09C72322A1F7E5C /* V2EX */ = {
			isa = PBXNativeTarget;
			buildConfigurationList = 18ED121D5116E94D0AE5ED6F /* Build configuration list for PBXNativeTarget "V2EX" */;
			buildPhases = (
				83914ED0D9D605CFE13B04FE /* Sources */,
				4709CB6CB11AEB5E30F97010 /* Resources */,
			);
			buildRules = (
			);
			dependencies = (
			);
			name = V2EX;
			packageProductDependencies = (
			);
			productName = V2EX;
			productReference = F281243AAC2B79B5C6223510 /* V2EX.app */;
			productType = "com.apple.product-type.application";
		};
/* End PBXNativeTarget section */

/* Begin PBXProject section */
		62811AEB71FA44D9A2F11C26 /* Project object */ = {
			isa = PBXProject;
			attributes = {
				BuildIndependentTargetsInParallel = YES;
				LastUpgradeCheck = 1430;
				TargetAttributes = {
					737E4BB7B09C72322A1F7E5C = {
						DevelopmentTeam = 99LYH6FNPS;
						ProvisioningStyle = Automatic;
					};
				};
			};
			buildConfigurationList = 041257D16E829B6F6B6CFB14 /* Build configuration list for PBXProject "V2EX" */;
			developmentRegion = en;
			hasScannedForEncodings = 0;
			knownRegions = (
				Base,
				en,
			);
			mainGroup = B9384A5B3976F20C90917DE8;
			minimizedProjectReferenceProxies = 1;
			preferredProjectObjectVersion = 77;
			productRefGroup = CC3AD1D6DC7D10F70901C772 /* Products */;
			projectDirPath = "";
			projectRoot = "";
			targets = (
				737E4BB7B09C72322A1F7E5C /* V2EX */,
			);
		};
/* End PBXProject section */

/* Begin PBXResourcesBuildPhase section */
		4709CB6CB11AEB5E30F97010 /* Resources */ = {
			isa = PBXResourcesBuildPhase;
			buildActionMask = 2147483647;
			files = (
				98FA67B2046C4A5E714DBCE9 /* Assets.xcassets in Resources */,
				8D43F21B66B47C35E721122F /* PrivacyInfo.xcprivacy in Resources */,
				15B0CF068B12A4E6FA4D407E /* V2EX.icon in Resources */,
			);
			runOnlyForDeploymentPostprocessing = 0;
		};
/* End PBXResourcesBuildPhase section */

/* Begin PBXSourcesBuildPhase section */
		83914ED0D9D605CFE13B04FE /* Sources */ = {
			isa = PBXSourcesBuildPhase;
			buildActionMask = 2147483647;
			files = (
				B5741F8585995FAD7A5644EF /* AIConfigurationStore.swift in Sources */,
				479550EACE8D45FC7C5028FC /* AISummaryClient.swift in Sources */,
				5848759E308D0BAB3BDA603B /* Agreement.swift in Sources */,
				E48BD3267CA53AE32AEFA8B0 /* AppSettings.swift in Sources */,
				8DFB576582F20157CFB0D06A /* AppUpdate.swift in Sources */,
				907D5E628F6921BF79F37F19 /* AppearanceSettingsView.swift in Sources */,
				2EA907F51E2A5D358921547A /* AutoOfflineCoordinator.swift in Sources */,
				956D703BF0A8AE874156964E /* Components.swift in Sources */,
				8287A655678BAA296EE59879 /* ComposeView.swift in Sources */,
				D46372D9C30049B54BB4352C /* HNClient.swift in Sources */,
				65C315A7FAC19E187BE700FA /* HNDetailView.swift in Sources */,
				8DD71F87AB9EE7B4CD1633EF /* HNLinkify.swift in Sources */,
				5D561C729264DDF1FB17BEB4 /* HNTranslationCache.swift in Sources */,
				2A769EB31609EB038AEA5869 /* HNTranslator.swift in Sources */,
				1F78C3DC3E570CB4FB4DEB28 /* HTMLContent.swift in Sources */,
				C18EAE8CEFEE38E38CC3B246 /* HackerNewsView.swift in Sources */,
				AA82A2ABA2280EE18F23C7C9 /* HomeView.swift in Sources */,
				CC19FE500CF1C1A1BAA2F23D /* Models.swift in Sources */,
				0D8EADE531DACCC9A8FF6E36 /* ModerationSettingsView.swift in Sources */,
				4DB19D29B806A9D94FA56B50 /* ModerationStore.swift in Sources */,
				9DCD12E6658B8BD7BED27585 /* NodeCatalog.swift in Sources */,
				42D185B6AC0B74016C15538C /* NodeDetailView.swift in Sources */,
				E15A101C5AB370F0B427E217 /* NodesView.swift in Sources */,
				D908B48A4BF7276496007F6F /* NotificationsView.swift in Sources */,
				914C3E6D357BDD345B1881F1 /* ProfileView.swift in Sources */,
				73F41614E0F527F26094F33C /* PullToRefresh.swift in Sources */,
				A61F229B508D36025A4FAA79 /* ReadingSettingsView.swift in Sources */,
				42AA76F6B666458C22812976 /* ReportService.swift in Sources */,
				7DAEA8F94E179BDC8B45EF63 /* ReportSheet.swift in Sources */,
				72A8756B74DD7790ED203CDA /* RootView.swift in Sources */,
				50594CE11A04C285C941FF4D /* SearchView.swift in Sources */,
				355D84D49DE8FA4465BB2F82 /* SettingsView.swift in Sources */,
				2C7639CB4688CFFDD8FE95EB /* SpotlightIndexer.swift in Sources */,
				BF282EF7599568F5946D286E /* Stores.swift in Sources */,
				F8613111C964B3A9D6E184E4 /* SubViews.swift in Sources */,
				5D27181AC281C7F09FFB3AD7 /* Theme.swift in Sources */,
				2F7AB88F798155E4ACE6E676 /* TopicAISummary.swift in Sources */,
				3F10E077948FD545934D8D7B /* TopicDetailView.swift in Sources */,
				E5AA82A842CB885D0483C143 /* TopicDetailViewModel.swift in Sources */,
				562341D7DD1656B767151F74 /* TopicShareCard.swift in Sources */,
				D05BE0081792146B09364963 /* TopicViews.swift in Sources */,
				FDC5E40AF458CCC4720BAB98 /* V2EXApp.swift in Sources */,
				FE7A72B6C33CB0AAFE0CE69C /* V2EXAppIntents.swift in Sources */,
				444DAAAF90B56BE7ACE50713 /* V2EXClient.swift in Sources */,
				6E4B75BF704A638F78BD463F /* V2EXLoginView.swift in Sources */,
				5447B22BCE55A820900A5A96 /* V2EXSessionStore.swift in Sources */,
				B853F2282EDDB3C31B184BE6 /* WebLoginView.swift in Sources */,
			);
			runOnlyForDeploymentPostprocessing = 0;
		};
/* End PBXSourcesBuildPhase section */

/* Begin XCBuildConfiguration section */
		43A20A3C6E92768EF93D82A8 /* Release */ = {
			isa = XCBuildConfiguration;
			buildSettings = {
				ASSETCATALOG_COMPILER_APPICON_NAME = V2EX;
				CODE_SIGN_IDENTITY = "iPhone Developer";
				GENERATE_INFOPLIST_FILE = NO;
				INFOPLIST_FILE = V2EX/Info.plist;
				LD_RUNPATH_SEARCH_PATHS = (
					"$(inherited)",
					"@executable_path/Frameworks",
				);
				PRODUCT_BUNDLE_IDENTIFIER = com.vibe.v2ex;
				PRODUCT_NAME = V2EX;
				SDKROOT = iphoneos;
				SWIFT_EMIT_LOC_STRINGS = YES;
				TARGETED_DEVICE_FAMILY = 1;
			};
			name = Release;
		};
		74EA30330B553E2C3D3D6B0E /* Debug */ = {
			isa = XCBuildConfiguration;
			buildSettings = {
				ALWAYS_SEARCH_USER_PATHS = NO;
				CLANG_ANALYZER_NONNULL = YES;
				CLANG_ANALYZER_NUMBER_OBJECT_CONVERSION = YES_AGGRESSIVE;
				CLANG_CXX_LANGUAGE_STANDARD = "gnu++14";
				CLANG_CXX_LIBRARY = "libc++";
				CLANG_ENABLE_MODULES = YES;
				CLANG_ENABLE_OBJC_ARC = YES;
				CLANG_ENABLE_OBJC_WEAK = YES;
				CLANG_WARN_BLOCK_CAPTURE_AUTORELEASING = YES;
				CLANG_WARN_BOOL_CONVERSION = YES;
				CLANG_WARN_COMMA = YES;
				CLANG_WARN_CONSTANT_CONVERSION = YES;
				CLANG_WARN_DEPRECATED_OBJC_IMPLEMENTATIONS = YES;
				CLANG_WARN_DIRECT_OBJC_ISA_USAGE = YES_ERROR;
				CLANG_WARN_DOCUMENTATION_COMMENTS = YES;
				CLANG_WARN_EMPTY_BODY = YES;
				CLANG_WARN_ENUM_CONVERSION = YES;
				CLANG_WARN_INFINITE_RECURSION = YES;
				CLANG_WARN_INT_CONVERSION = YES;
				CLANG_WARN_NON_LITERAL_NULL_CONVERSION = YES;
				CLANG_WARN_OBJC_IMPLICIT_RETAIN_SELF = YES;
				CLANG_WARN_OBJC_LITERAL_CONVERSION = YES;
				CLANG_WARN_OBJC_ROOT_CLASS = YES_ERROR;
				CLANG_WARN_QUOTED_INCLUDE_IN_FRAMEWORK_HEADER = YES;
				CLANG_WARN_RANGE_LOOP_ANALYSIS = YES;
				CLANG_WARN_STRICT_PROTOTYPES = YES;
				CLANG_WARN_SUSPICIOUS_MOVE = YES;
				CLANG_WARN_UNGUARDED_AVAILABILITY = YES_AGGRESSIVE;
				CLANG_WARN_UNREACHABLE_CODE = YES;
				CLANG_WARN__DUPLICATE_METHOD_MATCH = YES;
				CODE_SIGN_STYLE = Automatic;
				COPY_PHASE_STRIP = NO;
				CURRENT_PROJECT_VERSION = 15;
				DEBUG_INFORMATION_FORMAT = dwarf;
				DEVELOPMENT_TEAM = 99LYH6FNPS;
				ENABLE_STRICT_OBJC_MSGSEND = YES;
				ENABLE_TESTABILITY = YES;
				ENABLE_USER_SCRIPT_SANDBOXING = YES;
				GCC_C_LANGUAGE_STANDARD = gnu11;
				GCC_DYNAMIC_NO_PIC = NO;
				GCC_NO_COMMON_BLOCKS = YES;
				GCC_OPTIMIZATION_LEVEL = 0;
				GCC_PREPROCESSOR_DEFINITIONS = (
					"$(inherited)",
					"DEBUG=1",
				);
				GCC_WARN_64_TO_32_BIT_CONVERSION = YES;
				GCC_WARN_ABOUT_RETURN_TYPE = YES_ERROR;
				GCC_WARN_UNDECLARED_SELECTOR = YES;
				GCC_WARN_UNINITIALIZED_AUTOS = YES_AGGRESSIVE;
				GCC_WARN_UNUSED_FUNCTION = YES;
				GCC_WARN_UNUSED_VARIABLE = YES;
				IPHONEOS_DEPLOYMENT_TARGET = 26.0;
				MARKETING_VERSION = 1.2.0;
				MTL_ENABLE_DEBUG_INFO = INCLUDE_SOURCE;
				MTL_FAST_MATH = YES;
				ONLY_ACTIVE_ARCH = YES;
				PRODUCT_NAME = "$(TARGET_NAME)";
				SDKROOT = iphoneos;
				SWIFT_ACTIVE_COMPILATION_CONDITIONS = DEBUG;
				SWIFT_OPTIMIZATION_LEVEL = "-Onone";
				SWIFT_VERSION = 5.0;
			};
			name = Debug;
		};
		7840382923930D7D2BF9C87F /* Debug */ = {
			isa = XCBuildConfiguration;
			buildSettings = {
				ASSETCATALOG_COMPILER_APPICON_NAME = V2EX;
				CODE_SIGN_IDENTITY = "iPhone Developer";
				GENERATE_INFOPLIST_FILE = NO;
				INFOPLIST_FILE = V2EX/Info.plist;
				LD_RUNPATH_SEARCH_PATHS = (
					"$(inherited)",
					"@executable_path/Frameworks",
				);
				PRODUCT_BUNDLE_IDENTIFIER = com.vibe.v2ex;
				PRODUCT_NAME = V2EX;
				SDKROOT = iphoneos;
				SWIFT_EMIT_LOC_STRINGS = YES;
				TARGETED_DEVICE_FAMILY = 1;
			};
			name = Debug;
		};
		FBCE10A4A1F85C63664F6DEF /* Release */ = {
			isa = XCBuildConfiguration;
			buildSettings = {
				ALWAYS_SEARCH_USER_PATHS = NO;
				CLANG_ANALYZER_NONNULL = YES;
				CLANG_ANALYZER_NUMBER_OBJECT_CONVERSION = YES_AGGRESSIVE;
				CLANG_CXX_LANGUAGE_STANDARD = "gnu++14";
				CLANG_CXX_LIBRARY = "libc++";
				CLANG_ENABLE_MODULES = YES;
				CLANG_ENABLE_OBJC_ARC = YES;
				CLANG_ENABLE_OBJC_WEAK = YES;
				CLANG_WARN_BLOCK_CAPTURE_AUTORELEASING = YES;
				CLANG_WARN_BOOL_CONVERSION = YES;
				CLANG_WARN_COMMA = YES;
				CLANG_WARN_CONSTANT_CONVERSION = YES;
				CLANG_WARN_DEPRECATED_OBJC_IMPLEMENTATIONS = YES;
				CLANG_WARN_DIRECT_OBJC_ISA_USAGE = YES_ERROR;
				CLANG_WARN_DOCUMENTATION_COMMENTS = YES;
				CLANG_WARN_EMPTY_BODY = YES;
				CLANG_WARN_ENUM_CONVERSION = YES;
				CLANG_WARN_INFINITE_RECURSION = YES;
				CLANG_WARN_INT_CONVERSION = YES;
				CLANG_WARN_NON_LITERAL_NULL_CONVERSION = YES;
				CLANG_WARN_OBJC_IMPLICIT_RETAIN_SELF = YES;
				CLANG_WARN_OBJC_LITERAL_CONVERSION = YES;
				CLANG_WARN_OBJC_ROOT_CLASS = YES_ERROR;
				CLANG_WARN_QUOTED_INCLUDE_IN_FRAMEWORK_HEADER = YES;
				CLANG_WARN_RANGE_LOOP_ANALYSIS = YES;
				CLANG_WARN_STRICT_PROTOTYPES = YES;
				CLANG_WARN_SUSPICIOUS_MOVE = YES;
				CLANG_WARN_UNGUARDED_AVAILABILITY = YES_AGGRESSIVE;
				CLANG_WARN_UNREACHABLE_CODE = YES;
				CLANG_WARN__DUPLICATE_METHOD_MATCH = YES;
				CODE_SIGN_STYLE = Automatic;
				COPY_PHASE_STRIP = NO;
				CURRENT_PROJECT_VERSION = 15;
				DEBUG_INFORMATION_FORMAT = "dwarf-with-dsym";
				DEVELOPMENT_TEAM = 99LYH6FNPS;
				ENABLE_NS_ASSERTIONS = NO;
				ENABLE_STRICT_OBJC_MSGSEND = YES;
				ENABLE_USER_SCRIPT_SANDBOXING = YES;
				GCC_C_LANGUAGE_STANDARD = gnu11;
				GCC_NO_COMMON_BLOCKS = YES;
				GCC_WARN_64_TO_32_BIT_CONVERSION = YES;
				GCC_WARN_ABOUT_RETURN_TYPE = YES_ERROR;
				GCC_WARN_UNDECLARED_SELECTOR = YES;
				GCC_WARN_UNINITIALIZED_AUTOS = YES_AGGRESSIVE;
				GCC_WARN_UNUSED_FUNCTION = YES;
				GCC_WARN_UNUSED_VARIABLE = YES;
				IPHONEOS_DEPLOYMENT_TARGET = 26.0;
				MARKETING_VERSION = 1.2.0;
				MTL_ENABLE_DEBUG_INFO = NO;
				MTL_FAST_MATH = YES;
				PRODUCT_NAME = "$(TARGET_NAME)";
				SDKROOT = iphoneos;
				SWIFT_COMPILATION_MODE = wholemodule;
				SWIFT_OPTIMIZATION_LEVEL = "-O";
				SWIFT_VERSION = 5.0;
			};
			name = Release;
		};
/* End XCBuildConfiguration section */

/* Begin XCConfigurationList section */
		041257D16E829B6F6B6CFB14 /* Build configuration list for PBXProject "V2EX" */ = {
			isa = XCConfigurationList;
			buildConfigurations = (
				74EA30330B553E2C3D3D6B0E /* Debug */,
				FBCE10A4A1F85C63664F6DEF /* Release */,
			);
			defaultConfigurationIsVisible = 0;
			defaultConfigurationName = Debug;
		};
		18ED121D5116E94D0AE5ED6F /* Build configuration list for PBXNativeTarget "V2EX" */ = {
			isa = XCConfigurationList;
			buildConfigurations = (
				7840382923930D7D2BF9C87F /* Debug */,
				43A20A3C6E92768EF93D82A8 /* Release */,
			);
			defaultConfigurationIsVisible = 0;
			defaultConfigurationName = Debug;
		};
/* End XCConfigurationList section */
	};
	rootObject = 62811AEB71FA44D9A2F11C26 /* Project object */;
}
